// !$*UTF8*$!
{
	archiveVersion = 1;
	classes = {
	};
	objectVersion = 46;
	objects = {

/* Begin PBXBuildFile section */
		DB1C6DF91B8B869400C9FE93 /* main.m in Sources */ = {isa = PBXBuildFile; fileRef = DB1C6DF81B8B869400C9FE93 /* main.m */; };
		DB1C6DFC1B8B869400C9FE93 /* AppDelegate.m in Sources */ = {isa = PBXBuildFile; fileRef = DB1C6DFB1B8B869400C9FE93 /* AppDelegate.m */; };
		DB1C6DFF1B8B869400C9FE93 /* ViewController.m in Sources */ = {isa = PBXBuildFile; fileRef = DB1C6DFE1B8B869400C9FE93 /* ViewController.m */; };
		DB1C6E021B8B869400C9FE93 /* Main.storyboard in Resources */ = {isa = PBXBuildFile; fileRef = DB1C6E001B8B869400C9FE93 /* Main.storyboard */; };
		DB1C6E041B8B869400C9FE93 /* Images.xcassets in Resources */ = {isa = PBXBuildFile; fileRef = DB1C6E031B8B869400C9FE93 /* Images.xcassets */; };
		DB1C6E071B8B869400C9FE93 /* LaunchScreen.xib in Resources */ = {isa = PBXBuildFile; fileRef = DB1C6E051B8B869400C9FE93 /* LaunchScreen.xib */; };
		DB1C6E131B8B869400C9FE93 /* LibraryReviewTests.m in Sources */ = {isa = PBXBuildFile; fileRef = DB1C6E121B8B869400C9FE93 /* LibraryReviewTests.m */; };
/* End PBXBuildFile section */

/* Begin PBXContainerItemProxy section */
		DB1C6E0D1B8B869400C9FE93 /* PBXContainerItemProxy */ = {
			isa = PBXContainerItemProxy;
			containerPortal = DB1C6DEB1B8B869400C9FE93 /* Project object */;
			proxyType = 1;
			remoteGlobalIDString = DB1C6DF21B8B869400C9FE93;
			remoteInfo = LibraryReview;
		};
/* End PBXContainerItemProxy section */

/* Begin PBXFileReference section */
		DB1C6DF31B8B869400C9FE93 /* LibraryReview.app */ = {isa = PBXFileReference; explicitFileType = wrapper.application; includeInIndex = 0; path = LibraryReview.app; sourceTree = BUILT_PRODUCTS_DIR; };
		DB1C6DF71B8B869400C9FE93 /* Info.plist */ = {isa = PBXFileReference; lastKnownFileType = text.plist.xml; path = Info.plist; sourceTree = "<group>"; };
		DB1C6DF81B8B869400C9FE93 /* main.m */ = {isa = PBXFileReference; lastKnownFileType = sourcecode.c.objc; path = main.m; sourceTree = "<group>"; };
		DB1C6DFA1B8B869400C9FE93 /* AppDelegate.h */ = {isa = PBXFileReference; lastKnownFileType = sourcecode.c.h; path = AppDelegate.h; sourceTree = "<group>"; };
		DB1C6DFB1B8B869400C9FE93 /* AppDelegate.m */ = {isa = PBXFileReference; lastKnownFileType = sourcecode.c.objc; path = AppDelegate.m; sourceTree = "<group>"; };
		DB1C6DFD1B8B869400C9FE93 /* ViewController.h */ = {isa = PBXFileReference; lastKnownFileType = sourcecode.c.h; path = ViewController.h; sourceTree = "<group>"; };
		DB1C6DFE1B8B869400C9FE93 /* ViewController.m */ = {isa = PBXFileReference; lastKnownFileType = sourcecode.c.objc; path = ViewController.m; sourceTree = "<group>"; };
		DB1C6E011B8B869400C9FE93 /* Base */ = {isa = PBXFileReference; lastKnownFileType = file.storyboard; name = Base; path = Base.lproj/Main.storyboard; sourceTree = "<group>"; };
		DB1C6E031B8B869400C9FE93 /* Images.xcassets */ = {isa = PBXFileReference; lastKnownFileType = folder.assetcatalog; path = Images.xcassets; sourceTree = "<group>"; };
		DB1C6E061B8B869400C9FE93 /* Base */ = {isa = PBXFileReference; lastKnownFileType = file.xib; name = Base; path = Base.lproj/LaunchScreen.xib; sourceTree = "<group>"; };
		DB1C6E0C1B8B869400C9FE93 /* LibraryReviewTests.xctest */ = {isa = PBXFileReference; explicitFileType = wrapper.cfbundle; includeInIndex = 0; path = LibraryReviewTests.xctest; sourceTree = BUILT_PRODUCTS_DIR; };
		DB1C6E111B8B869400C9FE93 /* Info.plist */ = {isa = PBXFileReference; lastKnownFileType = text.plist.xml; path = Info.plist; sourceTree = "<group>"; };
		DB1C6E121B8B869400C9FE93 /* LibraryReviewTests.m */ = {isa = PBXFileReference; lastKnownFileType = sourcecode.c.objc; path = LibraryReviewTests.m; sourceTree = "<group>"; };
/* End PBXFileReference section */

/* Begin PBXFrameworksBuildPhase section */
		DB1C6DF01B8B869400C9FE93 /* Frameworks */ = {
			isa = PBXFrameworksBuildPhase;
			buildActionMask = 2147483647;
			files = (
			);
			runOnlyForDeploymentPostprocessing = 0;
		};
		DB1C6E091B8B869400C9FE93 /* Frameworks */ = {
			isa = PBXFrameworksBuildPhase;
			buildActionMask = 2147483647;
			files = (
			);
			runOnlyForDeploymentPostprocessing = 0;
		};
/* End PBXFrameworksBuildPhase section */

/* Begin PBXGroup section */
		DB1C6DEA1B8B869400C9FE93 = {
			isa = PBXGroup;
			children = (
				DB1C6DF51B8B869400C9FE93 /* LibraryReview */,
				DB1C6E0F1B8B869400C9FE93 /* LibraryReviewTests */,
				DB1C6DF41B8B869400C9FE93 /* Products */,
			);
			sourceTree = "<group>";
		};
		DB1C6DF41B8B869400C9FE93 /* Products */ = {
			isa = PBXGroup;
			children = (
				DB1C6DF31B8B869400C9FE93 /* LibraryReview.app */,
				DB1C6E0C1B8B869400C9FE93 /* LibraryReviewTests.xctest */,
			);
			name = Products;
			sourceTree = "<group>";
		};
		DB1C6DF51B8B869400C9FE93 /* LibraryReview */ = {
			isa = PBXGroup;
			children = (
				DB1C6DFA1B8B869400C9FE93 /* AppDelegate.h */,
				DB1C6DFB1B8B869400C9FE93 /* AppDelegate.m */,
				DB1C6DFD1B8B869400C9FE93 /* ViewController.h */,
				DB1C6DFE1B8B869400C9FE93 /* ViewController.m */,
				DB1C6E001B8B869400C9FE93 /* Main.storyboard */,
				DB1C6E031B8B869400C9FE93 /* Images.xcassets */,
				DB1C6E051B8B869400C9FE93 /* LaunchScreen.xib */,
				DB1C6DF61B8B869400C9FE93 /* Supporting Files */,
			);
			path = LibraryReview;
			sourceTree = "<group>";
		};
		DB1C6DF61B8B869400C9FE93 /* Supporting Files */ = {
			isa = PBXGroup;
			children = (
				DB1C6DF71B8B869400C9FE93 /* Info.plist */,
				DB1C6DF81B8B869400C9FE93 /* main.m */,
			);
			name = "Supporting Files";
			sourceTree = "<group>";
		};
		DB1C6E0F1B8B869400C9FE93 /* LibraryReviewTests */ = {
			isa = PBXGroup;
			children = (
				DB1C6E121B8B869400C9FE93 /* LibraryReviewTests.m */,
				DB1C6E101B8B869400C9FE93 /* Supporting Files */,
			);
			path = LibraryReviewTests;
			sourceTree = "<group>";
		};
		DB1C6E101B8B869400C9FE93 /* Supporting Files */ = {
			isa = PBXGroup;
			children = (
				DB1C6E111B8B869400C9FE93 /* Info.plist */,
			);
			name = "Supporting Files";
			sourceTree = "<group>";
		};
/* End PBXGroup section */

/* Begin PBXNativeTarget section */
		DB1C6DF21B8B869400C9FE93 /* LibraryReview */ = {
			isa = PBXNativeTarget;
			buildConfigurationList = DB1C6E161B8B869400C9FE93 /* Build configuration list for PBXNativeTarget "LibraryReview" */;
			buildPhases = (
				DB1C6DEF1B8B869400C9FE93 /* Sources */,
				DB1C6DF01B8B869400C9FE93 /* Frameworks */,
				DB1C6DF11B8B869400C9FE93 /* Resources */,
			);
			buildRules = (
			);
			dependencies = (
			);
			name = LibraryReview;
			productName = LibraryReview;
			productReference = DB1C6DF31B8B869400C9FE93 /* LibraryReview.app */;
			productType = "com.apple.product-type.application";
		};
		DB1C6E0B1B8B869400C9FE93 /* LibraryReviewTests */ = {
			isa = PBXNativeTarget;
			buildConfigurationList = DB1C6E191B8B869400C9FE93 /* Build configuration list for PBXNativeTarget "LibraryReviewTests" */;
			buildPhases = (
				DB1C6E081B8B869400C9FE93 /* Sources */,
				DB1C6E091B8B869400C9FE93 /* Frameworks */,
				DB1C6E0A1B8B869400C9FE93 /* Resources */,
			);
			buildRules = (
			);
			dependencies = (
				DB1C6E0E1B8B869400C9FE93 /* PBXTargetDependency */,
			);
			name = LibraryReviewTests;
			productName = LibraryReviewTests;
			productReference = DB1C6E0C1B8B869400C9FE93 /* LibraryReviewTests.xctest */;
			productType = "com.apple.product-type.bundle.unit-test";
		};
/* End PBXNativeTarget section */

/* Begin PBXProject section */
		DB1C6DEB1B8B869400C9FE93 /* Project object */ = {
			isa = PBXProject;
			attributes = {
				LastUpgradeCheck = 0640;
				ORGANIZATIONNAME = "Justin Smith";
				TargetAttributes = {
					DB1C6DF21B8B869400C9FE93 = {
						CreatedOnToolsVersion = 6.4;
					};
					DB1C6E0B1B8B869400C9FE93 = {
						CreatedOnToolsVersion = 6.4;
						TestTargetID = DB1C6DF21B8B869400C9FE93;
					};
				};
			};
			buildConfigurationList = DB1C6DEE1B8B869400C9FE93 /* Build configuration list for PBXProject "LibraryReview" */;
			compatibilityVersion = "Xcode 3.2";
			developmentRegion = English;
			hasScannedForEncodings = 0;
			knownRegions = (
				en,
				Base,
			);
			mainGroup = DB1C6DEA1B8B869400C9FE93;
			productRefGroup = DB1C6DF41B8B869400C9FE93 /* Products */;
			projectDirPath = "";
			projectRoot = "";
			targets = (
				DB1C6DF21B8B869400C9FE93 /* LibraryReview */,
				DB1C6E0B1B8B869400C9FE93 /* LibraryReviewTests */,
			);
		};
/* End PBXProject section */

/* Begin PBXResourcesBuildPhase section */
		DB1C6DF11B8B869400C9FE93 /* Resources */ = {
			isa = PBXResourcesBuildPhase;
			buildActionMask = 2147483647;
			files = (
				DB1C6E021B8B869400C9FE93 /* Main.storyboard in Resources */,
				DB1C6E071B8B869400C9FE93 /* LaunchScreen.xib in Resources */,
				DB1C6E041B8B869400C9FE93 /* Images.xcassets in Resources */,
			);
			runOnlyForDeploymentPostprocessing = 0;
		};
		DB1C6E0A1B8B869400C9FE93 /* Resources */ = {
			isa = PBXResourcesBuildPhase;
			buildActionMask = 2147483647;
			files = (
			);
			runOnlyForDeploymentPostprocessing = 0;
		};
/* End PBXResourcesBuildPhase section */

/* Begin PBXSourcesBuildPhase section */
		DB1C6DEF1B8B869400C9FE93 /* Sources */ = {
			isa = PBXSourcesBuildPhase;
			buildActionMask = 2147483647;
			files = (
				DB1C6DFF1B8B869400C9FE93 /* ViewController.m in Sources */,
				DB1C6DFC1B8B869400C9FE93 /* AppDelegate.m in Sources */,
				DB1C6DF91B8B869400C9FE93 /* main.m in Sources */,
			);
			runOnlyForDeploymentPostprocessing = 0;
		};
		DB1C6E081B8B869400C9FE93 /* Sources */ = {
			isa = PBXSourcesBuildPhase;
			buildActionMask = 2147483647;
			files = (
				DB1C6E131B8B869400C9FE93 /* LibraryReviewTests.m in Sources */,
			);
			runOnlyForDeploymentPostprocessing = 0;
		};
/* End PBXSourcesBuildPhase section */

/* Begin PBXTargetDependency section */
		DB1C6E0E1B8B869400C9FE93 /* PBXTargetDependency */ = {
			isa = PBXTargetDependency;
			target = DB1C6DF21B8B869400C9FE93 /* LibraryReview */;
			targetProxy = DB1C6E0D1B8B869400C9FE93 /* PBXContainerItemProxy */;
		};
/* End PBXTargetDependency section */

/* Begin PBXVariantGroup section */
		DB1C6E001B8B869400C9FE93 /* Main.storyboard */ = {
			isa = PBXVariantGroup;
			children = (
				DB1C6E011B8B869400C9FE93 /* Base */,
			);
			name = Main.storyboard;
			sourceTree = "<group>";
		};
		DB1C6E051B8B869400C9FE93 /* LaunchScreen.xib */ = {
			isa = PBXVariantGroup;
			children = (
				DB1C6E061B8B869400C9FE93 /* Base */,
			);
			name = LaunchScreen.xib;
			sourceTree = "<group>";
		};
/* End PBXVariantGroup section */

/* Begin XCBuildConfiguration section */
		DB1C6E141B8B869400C9FE93 /* Debug */ = {
			isa = XCBuildConfiguration;
			buildSettings = {
				ALWAYS_SEARCH_USER_PATHS = NO;
				CLANG_CXX_LANGUAGE_STANDARD = "gnu++0x";
				CLANG_CXX_LIBRARY = "libc++";
				CLANG_ENABLE_MODULES = YES;
				CLANG_ENABLE_OBJC_ARC = YES;
				CLANG_WARN_BOOL_CONVERSION = YES;
				CLANG_WARN_CONSTANT_CONVERSION = YES;
				CLANG_WARN_DIRECT_OBJC_ISA_USAGE = YES_ERROR;
				CLANG_WARN_EMPTY_BODY = YES;
				CLANG_WARN_ENUM_CONVERSION = YES;
				CLANG_WARN_INT_CONVERSION = YES;
				CLANG_WARN_OBJC_ROOT_CLASS = YES_ERROR;
				CLANG_WARN_UNREACHABLE_CODE = YES;
				CLANG_WARN__DUPLICATE_METHOD_MATCH = YES;
				"CODE_SIGN_IDENTITY[sdk=iphoneos*]" = "iPhone Developer";
				COPY_PHASE_STRIP = NO;
				DEBUG_INFORMATION_FORMAT = "dwarf-with-dsym";
				ENABLE_STRICT_OBJC_MSGSEND = YES;
				GCC_C_LANGUAGE_STANDARD = gnu99;
				GCC_DYNAMIC_NO_PIC = NO;
				GCC_NO_COMMON_BLOCKS = YES;
				GCC_OPTIMIZATION_LEVEL = 0;
				GCC_PREPROCESSOR_DEFINITIONS = (
					"DEBUG=1",
					"$(inherited)",
				);
				GCC_SYMBOLS_PRIVATE_EXTERN = NO;
				GCC_WARN_64_TO_32_BIT_CONVERSION = YES;
				GCC_WARN_ABOUT_RETURN_TYPE = YES_ERROR;
				GCC_WARN_UNDECLARED_SELECTOR = YES;
				GCC_WARN_UNINITIALIZED_AUTOS = YES_AGGRESSIVE;
				GCC_WARN_UNUSED_FUNCTION = YES;
				GCC_WARN_UNUSED_VARIABLE = YES;
				IPHONEOS_DEPLOYMENT_TARGET = 8.4;
				MTL_ENABLE_DEBUG_INFO = YES;
				ONLY_ACTIVE_ARCH = YES;
				SDKROOT = iphoneos;
			};
			name = Debug;
		};
		DB1C6E151B8B869400C9FE93 /* Release */ = {
			isa = XCBuildConfiguration;
			buildSettings = {
				ALWAYS_SEARCH_USER_PATHS = NO;
				CLANG_CXX_LANGUAGE_STANDARD = "gnu++0x";
				CLANG_CXX_LIBRARY = "libc++";
				CLANG_ENABLE_MODULES = YES;
				CLANG_ENABLE_OBJC_ARC = YES;
				CLANG_WARN_BOOL_CONVERSION = YES;
				CLANG_WARN_CONSTANT_CONVERSION = YES;
				CLANG_WARN_DIRECT_OBJC_ISA_USAGE = YES_ERROR;
				CLANG_WARN_EMPTY_BODY = YES;
				CLANG_WARN_ENUM_CONVERSION = YES;
				CLANG_WARN_INT_CONVERSION = YES;
				CLANG_WARN_OBJC_ROOT_CLASS = YES_ERROR;
				CLANG_WARN_UNREACHABLE_CODE = YES;
				CLANG_WARN__DUPLICATE_METHOD_MATCH = YES;
				"CODE_SIGN_IDENTITY[sdk=iphoneos*]" = "iPhone Developer";
				COPY_PHASE_STRIP = NO;
				DEBUG_INFORMATION_FORMAT = "dwarf-with-dsym";
				ENABLE_NS_ASSERTIONS = NO;
				ENABLE_STRICT_OBJC_MSGSEND = YES;
				GCC_C_LANGUAGE_STANDARD = gnu99;
				GCC_NO_COMMON_BLOCKS = YES;
				GCC_WARN_64_TO_32_BIT_CONVERSION = YES;
				GCC_WARN_ABOUT_RETURN_TYPE = YES_ERROR;
				GCC_WARN_UNDECLARED_SELECTOR = YES;
				GCC_WARN_UNINITIALIZED_AUTOS = YES_AGGRESSIVE;
				GCC_WARN_UNUSED_FUNCTION = YES;
				GCC_WARN_UNUSED_VARIABLE = YES;
				IPHONEOS_DEPLOYMENT_TARGET = 8.4;
				MTL_ENABLE_DEBUG_INFO = NO;
				SDKROOT = iphoneos;
				VALIDATE_PRODUCT = YES;
			};
			name = Release;
		};
		DB1C6E171B8B869400C9FE93 /* Debug */ = {
			isa = XCBuildConfiguration;
			buildSettings = {
				ASSETCATALOG_COMPILER_APPICON_NAME = AppIcon;
				INFOPLIST_FILE = LibraryReview/Info.plist;
				LD_RUNPATH_SEARCH_PATHS = "$(inherited) @executable_path/Frameworks";
				PRODUCT_NAME = "$(TARGET_NAME)";
			};
			name = Debug;
		};
		DB1C6E181B8B869400C9FE93 /* Release */ = {
			isa = XCBuildConfiguration;
			buildSettings = {
				ASSETCATALOG_COMPILER_APPICON_NAME = AppIcon;
				INFOPLIST_FILE = LibraryReview/Info.plist;
				LD_RUNPATH_SEARCH_PATHS = "$(inherited) @executable_path/Frameworks";
				PRODUCT_NAME = "$(TARGET_NAME)";
			};
			name = Release;
		};
		DB1C6E1A1B8B869400C9FE93 /* Debug */ = {
			isa = XCBuildConfiguration;
			buildSettings = {
				BUNDLE_LOADER = "$(TEST_HOST)";
				FRAMEWORK_SEARCH_PATHS = (
					"$(SDKROOT)/Developer/Library/Frameworks",
					"$(inherited)",
				);
				GCC_PREPROCESSOR_DEFINITIONS = (
					"DEBUG=1",
					"$(inherited)",
				);
				INFOPLIST_FILE = LibraryReviewTests/Info.plist;
				LD_RUNPATH_SEARCH_PATHS = "$(inherited) @executable_path/Frameworks @loader_path/Frameworks";
				PRODUCT_NAME = "$(TARGET_NAME)";
				TEST_HOST = "$(BUILT_PRODUCTS_DIR)/LibraryReview.app/LibraryReview";
			};
			name = Debug;
		};
		DB1C6E1B1B8B869400C9FE93 /* Release */ = {
			isa = XCBuildConfiguration;
			buildSettings = {
				BUNDLE_LOADER = "$(TEST_HOST)";
				FRAMEWORK_SEARCH_PATHS = (
					"$(SDKROOT)/Developer/Library/Frameworks",
					"$(inherited)",
				);
				INFOPLIST_FILE = LibraryReviewTests/Info.plist;
				LD_RUNPATH_SEARCH_PATHS = "$(inherited) @executable_path/Frameworks @loader_path/Frameworks";
				PRODUCT_NAME = "$(TARGET_NAME)";
				TEST_HOST = "$(BUILT_PRODUCTS_DIR)/LibraryReview.app/LibraryReview";
			};
			name = Release;
		};
/* End XCBuildConfiguration section */

/* Begin XCConfigurationList section */
		DB1C6DEE1B8B869400C9FE93 /* Build configuration list for PBXProject "LibraryReview" */ = {
			isa = XCConfigurationList;
			buildConfigurations = (
				DB1C6E141B8B869400C9FE93 /* Debug */,
				DB1C6E151B8B869400C9FE93 /* Release */,
			);
			defaultConfigurationIsVisible = 0;
			defaultConfigurationName = Release;
		};
		DB1C6E161B8B869400C9FE93 /* Build configuration list for PBXNativeTarget "LibraryReview" */ = {
			isa = XCConfigurationList;
			buildConfigurations = (
				DB1C6E171B8B869400C9FE93 /* Debug */,
				DB1C6E181B8B869400C9FE93 /* Release */,
			);
			defaultConfigurationIsVisible = 0;
		};
		DB1C6E191B8B869400C9FE93 /* Build configuration list for PBXNativeTarget "LibraryReviewTests" */ = {
			isa = XCConfigurationList;
			buildConfigurations = (
				DB1C6E1A1B8B869400C9FE93 /* Debug */,
				DB1C6E1B1B8B869400C9FE93 /* Release */,
			);
			defaultConfigurationIsVisible = 0;
		};
/* End XCConfigurationList section */
	};
	rootObject = DB1C6DEB1B8B869400C9FE93 /* Project object */;
}
